
Microsoft Visual Studio Solution File, Format Version 12.00
# Visual Studio Version 17
VisualStudioVersion = 17.14.36518.9
MinimumVisualStudioVersion = 10.0.40219.1
Project("{8BC9CEB8-8B4A-11D0-8D11-00A0C91BC942}") = "0301", "0301\0301.vcxproj", "{FC1031F9-6DDC-4815-BD04-2294C82EE87B}"
EndProject
Project("{8BC9CEB8-8B4A-11D0-8D11-00A0C91BC942}") = "0302", "0302\0302.vcxproj", "{DCB2F0F3-C9CB-4652-A205-9F9BA59FE369}"
EndProject
Project("{8BC9CEB8-8B4A-11D0-8D11-00A0C91BC942}") = "0303", "0304\0304.vcxproj", "{8FAE9660-93DB-4A64-AFE3-6D7172955982}"
EndProject
Project("{8BC9CEB8-8B4A-11D0-8D11-00A0C91BC942}") = "0401", "0401\0401.vcxproj", "{BBD01C59-9660-4D3B-93E9-C9C938BFBD8B}"
EndProject
Project("{8BC9CEB8-8B4A-11D0-8D11-00A0C91BC942}") = "0402", "0402\0402.vcxproj", "{BFB5AD8F-5765-45E9-A5E3-A61D3094810D}"
EndProject
Project("{8BC9CEB8-8B4A-11D0-8D11-00A0C91BC942}") = "0501", "0501\0501.vcxproj", "{BEA258EC-AE4B-4F58-B351-B0832746C50C}"
EndProject
Project("{8BC9CEB8-8B4A-11D0-8D11-00A0C91BC942}") = "0502", "0502\0502.vcxproj", "{A8FE4D60-8562-4A9D-9F14-120C10B28AC7}"
EndProject
Project("{8BC9CEB8-8B4A-11D0-8D11-00A0C91BC942}") = "0503", "0503\0503.vcxproj", "{17B5DDE1-F456-41E9-AA81-E42712B96AEF}"
EndProject
Project("{8BC9CEB8-8B4A-11D0-8D11-00A0C91BC942}") = "0601", "0601\0601.vcxproj", "{F7378D7E-E873-4EFC-B80D-076699437C82}"
EndProject
Global
	GlobalSection(SolutionConfigurationPlatforms) = preSolution
		Debug|x64 = Debug|x64
		Debug|x86 = Debug|x86
		Release|x64 = Release|x64
		Release|x86 = Release|x86
	EndGlobalSection
	GlobalSection(ProjectConfigurationPlatforms) = postSolution
		{FC1031F9-6DDC-4815-BD04-2294C82EE87B}.Debug|x64.ActiveCfg = Debug|x64
		{FC1031F9-6DDC-4815-BD04-2294C82EE87B}.Debug|x64.Build.0 = Debug|x64
		{FC1031F9-6DDC-4815-BD04-2294C82EE87B}.Debug|x86.ActiveCfg = Debug|Win32
		{FC1031F9-6DDC-4815-BD04-2294C82EE87B}.Debug|x86.Build.0 = Debug|Win32
		{FC1031F9-6DDC-4815-BD04-2294C82EE87B}.Release|x64.ActiveCfg = Release|x64
		{FC1031F9-6DDC-4815-BD04-2294C82EE87B}.Release|x64.Build.0 = Release|x64
		{FC1031F9-6DDC-4815-BD04-2294C82EE87B}.Release|x86.ActiveCfg = Release|Win32
		{FC1031F9-6DDC-4815-BD04-2294C82EE87B}.Release|x86.Build.0 = Release|Win32
		{DCB2F0F3-C9CB-4652-A205-9F9BA59FE369}.Debug|x64.ActiveCfg = Debug|x64
		{DCB2F0F3-C9CB-4652-A205-9F9BA59FE369}.Debug|x64.Build.0 = Debug|x64
		{DCB2F0F3-C9CB-4652-A205-9F9BA59FE369}.Debug|x86.ActiveCfg = Debug|Win32
		{DCB2F0F3-C9CB-4652-A205-9F9BA59FE369}.Debug|x86.Build.0 = Debug|Win32
		{DCB2F0F3-C9CB-4652-A205-9F9BA59FE369}.Release|x64.ActiveCfg = Release|x64
		{DCB2F0F3-C9CB-4652-A205-9F9BA59FE369}.Release|x64.Build.0 = Release|x64
		{DCB2F0F3-C9CB-4652-A205-9F9BA59FE369}.Release|x86.ActiveCfg = Release|Win32
		{DCB2F0F3-C9CB-4652-A205-9F9BA59FE369}.Release|x86.Build.0 = Release|Win32
		{8FAE9660-93DB-4A64-AFE3-6D7172955982}.Debug|x64.ActiveCfg = Debug|x64
		{8FAE9660-93DB-4A64-AFE3-6D7172955982}.Debug|x64.Build.0 = Debug|x64
		{8FAE9660-93DB-4A64-AFE3-6D7172955982}.Debug|x86.ActiveCfg = Debug|Win32
		{8FAE9660-93DB-4A64-AFE3-6D7172955982}.Debug|x86.Build.0 = Debug|Win32
		{8FAE9660-93DB-4A64-AFE3-6D7172955982}.Release|x64.ActiveCfg = Release|x64
		{8FAE9660-93DB-4A64-AFE3-6D7172955982}.Release|x64.Build.0 = Release|x64
		{8FAE9660-93DB-4A64-AFE3-6D7172955982}.Release|x86.ActiveCfg = Release|Win32
		{8FAE9660-93DB-4A64-AFE3-6D7172955982}.Release|x86.Build.0 = Release|Win32
		{BBD01C59-9660-4D3B-93E9-C9C938BFBD8B}.Debug|x64.ActiveCfg = Debug|x64
		{BBD01C59-9660-4D3B-93E9-C9C938BFBD8B}.Debug|x64.Build.0 = Debug|x64
		{BBD01C59-9660-4D3B-93E9-C9C938BFBD8B}.Debug|x86.ActiveCfg = Debug|Win32
		{BBD01C59-9660-4D3B-93E9-C9C938BFBD8B}.Debug|x86.Build.0 = Debug|Win32
		{BBD01C59-9660-4D3B-93E9-C9C938BFBD8B}.Release|x64.ActiveCfg = Release|x64
		{BBD01C59-9660-4D3B-93E9-C9C938BFBD8B}.Release|x64.Build.0 = Release|x64
		{BBD01C59-9660-4D3B-93E9-C9C938BFBD8B}.Release|x86.ActiveCfg = Release|Win32
		{BBD01C59-9660-4D3B-93E9-C9C938BFBD8B}.Release|x86.Build.0 = Release|Win32
		{BFB5AD8F-5765-45E9-A5E3-A61D3094810D}.Debug|x64.ActiveCfg = Debug|x64
		{BFB5AD8F-5765-45E9-A5E3-A61D3094810D}.Debug|x64.Build.0 = Debug|x64
		{BFB5AD8F-5765-45E9-A5E3-A61D3094810D}.Debug|x86.ActiveCfg = Debug|Win32
		{BFB5AD8F-5765-45E9-A5E3-A61D3094810D}.Debug|x86.Build.0 = Debug|Win32
		{BFB5AD8F-5765-45E9-A5E3-A61D3094810D}.Release|x64.ActiveCfg = Release|x64
		{BFB5AD8F-5765-45E9-A5E3-A61D3094810D}.Release|x64.Build.0 = Release|x64
		{BFB5AD8F-5765-45E9-A5E3-A61D3094810D}.Release|x86.ActiveCfg = Release|Win32
		{BFB5AD8F-5765-45E9-A5E3-A61D3094810D}.Release|x86.Build.0 = Release|Win32
		{BEA258EC-AE4B-4F58-B351-B0832746C50C}.Debug|x64.ActiveCfg = Debug|x64
		{BEA258EC-AE4B-4F58-B351-B0832746C50C}.Debug|x64.Build.0 = Debug|x64
		{BEA258EC-AE4B-4F58-B351-B0832746C50C}.Debug|x86.ActiveCfg = Debug|Win32
		{BEA258EC-AE4B-4F58-B351-B0832746C50C}.Debug|x86.Build.0 = Debug|Win32
		{BEA258EC-AE4B-4F58-B351-B0832746C50C}.Release|x64.ActiveCfg = Release|x64
		{BEA258EC-AE4B-4F58-B351-B0832746C50C}.Release|x64.Build.0 = Release|x64
		{BEA258EC-AE4B-4F58-B351-B0832746C50C}.Release|x86.ActiveCfg = Release|Win32
		{BEA258EC-AE4B-4F58-B351-B0832746C50C}.Release|x86.Build.0 = Release|Win32
		{A8FE4D60-8562-4A9D-9F14-120C10B28AC7}.Debug|x64.ActiveCfg = Debug|x64
		{A8FE4D60-8562-4A9D-9F14-120C10B28AC7}.Debug|x64.Build.0 = Debug|x64
		{A8FE4D60-8562-4A9D-9F14-120C10B28AC7}.Debug|x86.ActiveCfg = Debug|Win32
		{A8FE4D60-8562-4A9D-9F14-120C10B28AC7}.Debug|x86.Build.0 = Debug|Win32
		{A8FE4D60-8562-4A9D-9F14-120C10B28AC7}.Release|x64.ActiveCfg = Release|x64
		{A8FE4D60-8562-4A9D-9F14-120C10B28AC7}.Release|x64.Build.0 = Release|x64
		{A8FE4D60-8562-4A9D-9F14-120C10B28AC7}.Release|x86.ActiveCfg = Release|Win32
		{A8FE4D60-8562-4A9D-9F14-120C10B28AC7}.Release|x86.Build.0 = Release|Win32
		{17B5DDE1-F456-41E9-AA81-E42712B96AEF}.Debug|x64.ActiveCfg = Debug|x64
		{17B5DDE1-F456-41E9-AA81-E42712B96AEF}.Debug|x64.Build.0 = Debug|x64
		{17B5DDE1-F456-41E9-AA81-E42712B96AEF}.Debug|x86.ActiveCfg = Debug|Win32
		{17B5DDE1-F456-41E9-AA81-E42712B96AEF}.Debug|x86.Build.0 = Debug|Win32
		{17B5DDE1-F456-41E9-AA81-E42712B96AEF}.Release|x64.ActiveCfg = Release|x64
		{17B5DDE1-F456-41E9-AA81-E42712B96AEF}.Release|x64.Build.0 = Release|x64
		{17B5DDE1-F456-41E9-AA81-E42712B96AEF}.Release|x86.ActiveCfg = Release|Win32
		{17B5DDE1-F456-41E9-AA81-E42712B96AEF}.Release|x86.Build.0 = Release|Win32
		{F7378D7E-E873-4EFC-B80D-076699437C82}.Debug|x64.ActiveCfg = Debug|x64
		{F7378D7E-E873-4EFC-B80D-076699437C82}.Debug|x64.Build.0 = Debug|x64
		{F7378D7E-E873-4EFC-B80D-076699437C82}.Debug|x86.ActiveCfg = Debug|Win32
		{F7378D7E-E873-4EFC-B80D-076699437C82}.Debug|x86.Build.0 = Debug|Win32
		{F7378D7E-E873-4EFC-B80D-076699437C82}.Release|x64.ActiveCfg = Release|x64
		{F7378D7E-E873-4EFC-B80D-076699437C82}.Release|x64.Build.0 = Release|x64
		{F7378D7E-E873-4EFC-B80D-076699437C82}.Release|x86.ActiveCfg = Release|Win32
		{F7378D7E-E873-4EFC-B80D-076699437C82}.Release|x86.Build.0 = Release|Win32
	EndGlobalSection
	GlobalSection(SolutionProperties) = preSolution
		HideSolutionNode = FALSE
	EndGlobalSection
	GlobalSection(ExtensibilityGlobals) = postSolution
		SolutionGuid = {0704AABE-F990-45B6-B43A-6A83210C28FF}
	EndGlobalSection
EndGlobal
